
Microsoft Visual Studio Solution File, Format Version 12.00
# Visual Studio Version 17
VisualStudioVersion = 17.14.36804.6 d17.14
MinimumVisualStudioVersion = 10.0.40219.1
Project("{FAE04EC0-301F-11D3-BF4B-00C04F79EFBC}") = "PatientAppointmentSystem", "PatientAppointmentSystem.csproj", "{4C892C15-DA14-4C1A-B8B8-EC7F2281F32B}"
EndProject
Global
	GlobalSection(SolutionConfigurationPlatforms) = preSolution
		Debug|Any CPU = Debug|Any CPU
		Release|Any CPU = Release|Any CPU
	EndGlobalSection
	GlobalSection(ProjectConfigurationPlatforms) = postSolution
		{4C892C15-DA14-4C1A-B8B8-EC7F2281F32B}.Debug|Any CPU.ActiveCfg = Debug|Any CPU
		{4C892C15-DA14-4C1A-B8B8-EC7F2281F32B}.Debug|Any CPU.Build.0 = Debug|Any CPU
		{4C892C15-DA14-4C1A-B8B8-EC7F2281F32B}.Release|Any CPU.ActiveCfg = Release|Any CPU
		{4C892C15-DA14-4C1A-B8B8-EC7F2281F32B}.Release|Any CPU.Build.0 = Release|Any CPU
	EndGlobalSection
	GlobalSection(SolutionProperties) = preSolution
		HideSolutionNode = FALSE
	EndGlobalSection
	GlobalSection(ExtensibilityGlobals) = postSolution
		SolutionGuid = {2B7AE11F-5BEA-4338-84AC-6F0B9980E226}
	EndGlobalSection
EndGlobal
